// !$*UTF8*$!
{
	archiveVersion = 1;
	classes = {
	};
	objectVersion = 46;
	objects = {

/* Begin PBXBuildFile section */
		28F549301D8C9D990016151B /* AppDelegate.swift in Sources */ = {isa = PBXBuildFile; fileRef = 28F5492F1D8C9D990016151B /* AppDelegate.swift */; };
		28F549321D8C9D990016151B /* CalendarViewController.swift in Sources */ = {isa = PBXBuildFile; fileRef = 28F549311D8C9D990016151B /* CalendarViewController.swift */; };
		28F549351D8C9D990016151B /* Main.storyboard in Resources */ = {isa = PBXBuildFile; fileRef = 28F549331D8C9D990016151B /* Main.storyboard */; };
		28F549371D8C9D990016151B /* Assets.xcassets in Resources */ = {isa = PBXBuildFile; fileRef = 28F549361D8C9D990016151B /* Assets.xcassets */; };
		28F5493A1D8C9D990016151B /* LaunchScreen.storyboard in Resources */ = {isa = PBXBuildFile; fileRef = 28F549381D8C9D990016151B /* LaunchScreen.storyboard */; };
		28F549441D8C9DBC0016151B /* CellView.swift in Sources */ = {isa = PBXBuildFile; fileRef = 28F549431D8C9DBC0016151B /* CellView.swift */; };
/* End PBXBuildFile section */

/* Begin PBXFileReference section */
		28F5492C1D8C9D990016151B /* CalendarTrial.app */ = {isa = PBXFileReference; explicitFileType = wrapper.application; includeInIndex = 0; path = CalendarTrial.app; sourceTree = BUILT_PRODUCTS_DIR; };
		28F5492F1D8C9D990016151B /* AppDelegate.swift */ = {isa = PBXFileReference; lastKnownFileType = sourcecode.swift; path = AppDelegate.swift; sourceTree = "<group>"; };
		28F549311D8C9D990016151B /* CalendarViewController.swift */ = {isa = PBXFileReference; lastKnownFileType = sourcecode.swift; path = CalendarViewController.swift; sourceTree = "<group>"; };
		28F549341D8C9D990016151B /* Base */ = {isa = PBXFileReference; lastKnownFileType = file.storyboard; name = Base; path = Base.lproj/Main.storyboard; sourceTree = "<group>"; };
		28F549361D8C9D990016151B /* Assets.xcassets */ = {isa = PBXFileReference; lastKnownFileType = folder.assetcatalog; path = Assets.xcassets; sourceTree = "<group>"; };
		28F549391D8C9D990016151B /* Base */ = {isa = PBXFileReference; lastKnownFileType = file.storyboard; name = Base; path = Base.lproj/LaunchScreen.storyboard; sourceTree = "<group>"; };
		28F5493B1D8C9D990016151B /* Info.plist */ = {isa = PBXFileReference; lastKnownFileType = text.plist.xml; path = Info.plist; sourceTree = "<group>"; };
		28F549431D8C9DBC0016151B /* CellView.swift */ = {isa = PBXFileReference; fileEncoding = 4; lastKnownFileType = sourcecode.swift; path = CellView.swift; sourceTree = "<group>"; };
/* End PBXFileReference section */

/* Begin PBXFrameworksBuildPhase section */
		28F549291D8C9D990016151B /* Frameworks */ = {
			isa = PBXFrameworksBuildPhase;
			buildActionMask = 2147483647;
			files = (
			);
			runOnlyForDeploymentPostprocessing = 0;
		};
/* End PBXFrameworksBuildPhase section */

/* Begin PBXGroup section */
		28F549231D8C9D990016151B = {
			isa = PBXGroup;
			children = (
				28F5492E1D8C9D990016151B /* CalendarTrial */,
				28F5492D1D8C9D990016151B /* Products */,
			);
			sourceTree = "<group>";
		};
		28F5492D1D8C9D990016151B /* Products */ = {
			isa = PBXGroup;
			children = (
				28F5492C1D8C9D990016151B /* CalendarTrial.app */,
			);
			name = Products;
			sourceTree = "<group>";
		};
		28F5492E1D8C9D990016151B /* CalendarTrial */ = {
			isa = PBXGroup;
			children = (
				28F5492F1D8C9D990016151B /* AppDelegate.swift */,
				28F549311D8C9D990016151B /* CalendarViewController.swift */,
				28F549431D8C9DBC0016151B /* CellView.swift */,
				28F549331D8C9D990016151B /* Main.storyboard */,
				28F549361D8C9D990016151B /* Assets.xcassets */,
				28F549381D8C9D990016151B /* LaunchScreen.storyboard */,
				28F5493B1D8C9D990016151B /* Info.plist */,
			);
			path = CalendarTrial;
			sourceTree = "<group>";
		};
/* End PBXGroup section */

/* Begin PBXNativeTarget section */
		28F5492B1D8C9D990016151B /* CalendarTrial */ = {
			isa = PBXNativeTarget;
			buildConfigurationList = 28F5493E1D8C9D990016151B /* Build configuration list for PBXNativeTarget "CalendarTrial" */;
			buildPhases = (
				28F549281D8C9D990016151B /* Sources */,
				28F549291D8C9D990016151B /* Frameworks */,
				28F5492A1D8C9D990016151B /* Resources */,
			);
			buildRules = (
			);
			dependencies = (
			);
			name = CalendarTrial;
			productName = CalendarTrial;
			productReference = 28F5492C1D8C9D990016151B /* CalendarTrial.app */;
			productType = "com.apple.product-type.application";
		};
/* End PBXNativeTarget section */

/* Begin PBXProject section */
		28F549241D8C9D990016151B /* Project object */ = {
			isa = PBXProject;
			attributes = {
				LastSwiftUpdateCheck = 0800;
				LastUpgradeCheck = 0800;
				ORGANIZATIONNAME = "Steven Hurtado";
				TargetAttributes = {
					28F5492B1D8C9D990016151B = {
						CreatedOnToolsVersion = 8.0;
						ProvisioningStyle = Automatic;
					};
				};
			};
			buildConfigurationList = 28F549271D8C9D990016151B /* Build configuration list for PBXProject "CalendarTrial" */;
			compatibilityVersion = "Xcode 3.2";
			developmentRegion = English;
			hasScannedForEncodings = 0;
			knownRegions = (
				en,
				Base,
			);
			mainGroup = 28F549231D8C9D990016151B;
			productRefGroup = 28F5492D1D8C9D990016151B /* Products */;
			projectDirPath = "";
			projectRoot = "";
			targets = (
				28F5492B1D8C9D990016151B /* CalendarTrial */,
			);
		};
/* End PBXProject section */

/* Begin PBXResourcesBuildPhase section */
		28F5492A1D8C9D990016151B /* Resources */ = {
			isa = PBXResourcesBuildPhase;
			buildActionMask = 2147483647;
			files = (
				28F5493A1D8C9D990016151B /* LaunchScreen.storyboard in Resources */,
				28F549371D8C9D990016151B /* Assets.xcassets in Resources */,
				28F549351D8C9D990016151B /* Main.storyboard in Resources */,
			);
			runOnlyForDeploymentPostprocessing = 0;
		};
/* End PBXResourcesBuildPhase section */

/* Begin PBXSourcesBuildPhase section */
		28F549281D8C9D990016151B /* Sources */ = {
			isa = PBXSourcesBuildPhase;
			buildActionMask = 2147483647;
			files = (
				28F549321D8C9D990016151B /* CalendarViewController.swift in Sources */,
				28F549301D8C9D990016151B /* AppDelegate.swift in Sources */,
				28F549441D8C9DBC0016151B /* CellView.swift in Sources */,
			);
			runOnlyForDeploymentPostprocessing = 0;
		};
/* End PBXSourcesBuildPhase section */

/* Begin PBXVariantGroup section */
		28F549331D8C9D990016151B /* Main.storyboard */ = {
			isa = PBXVariantGroup;
			children = (
				28F549341D8C9D990016151B /* Base */,
			);
			name = Main.storyboard;
			sourceTree = "<group>";
		};
		28F549381D8C9D990016151B /* LaunchScreen.storyboard */ = {
			isa = PBXVariantGroup;
			children = (
				28F549391D8C9D990016151B /* Base */,
			);
			name = LaunchScreen.storyboard;
			sourceTree = "<group>";
		};
/* End PBXVariantGroup section */

/* Begin XCBuildConfiguration section */
		28F5493C1D8C9D990016151B /* Debug */ = {
			isa = XCBuildConfiguration;
			buildSettings = {
				ALWAYS_SEARCH_USER_PATHS = NO;
				CLANG_ANALYZER_NONNULL = YES;
				CLANG_CXX_LANGUAGE_STANDARD = "gnu++0x";
				CLANG_CXX_LIBRARY = "libc++";
				CLANG_ENABLE_MODULES = YES;
				CLANG_ENABLE_OBJC_ARC = YES;
				CLANG_WARN_BOOL_CONVERSION = YES;
				CLANG_WARN_CONSTANT_CONVERSION = YES;
				CLANG_WARN_DIRECT_OBJC_ISA_USAGE = YES_ERROR;
				CLANG_WARN_DOCUMENTATION_COMMENTS = YES;
				CLANG_WARN_EMPTY_BODY = YES;
				CLANG_WARN_ENUM_CONVERSION = YES;
				CLANG_WARN_INFINITE_RECURSION = YES;
				CLANG_WARN_INT_CONVERSION = YES;
				CLANG_WARN_OBJC_ROOT_CLASS = YES_ERROR;
				CLANG_WARN_SUSPICIOUS_MOVES = YES;
				CLANG_WARN_UNREACHABLE_CODE = YES;
				CLANG_WARN__DUPLICATE_METHOD_MATCH = YES;
				"CODE_SIGN_IDENTITY[sdk=iphoneos*]" = "iPhone Developer";
				COPY_PHASE_STRIP = NO;
				DEBUG_INFORMATION_FORMAT = dwarf;
				ENABLE_STRICT_OBJC_MSGSEND = YES;
				ENABLE_TESTABILITY = YES;
				GCC_C_LANGUAGE_STANDARD = gnu99;
				GCC_DYNAMIC_NO_PIC = NO;
				GCC_NO_COMMON_BLOCKS = YES;
				GCC_OPTIMIZATION_LEVEL = 0;
				GCC_PREPROCESSOR_DEFINITIONS = (
					"DEBUG=1",
					"$(inherited)",
				);
				GCC_WARN_64_TO_32_BIT_CONVERSION = YES;
				GCC_WARN_ABOUT_RETURN_TYPE = YES_ERROR;
				GCC_WARN_UNDECLARED_SELECTOR = YES;
				GCC_WARN_UNINITIALIZED_AUTOS = YES_AGGRESSIVE;
				GCC_WARN_UNUSED_FUNCTION = YES;
				GCC_WARN_UNUSED_VARIABLE = YES;
				IPHONEOS_DEPLOYMENT_TARGET = 10.0;
				MTL_ENABLE_DEBUG_INFO = YES;
				ONLY_ACTIVE_ARCH = YES;
				SDKROOT = iphoneos;
				SWIFT_ACTIVE_COMPILATION_CONDITIONS = DEBUG;
				SWIFT_OPTIMIZATION_LEVEL = "-Onone";
				TARGETED_DEVICE_FAMILY = "1,2";
			};
			name = Debug;
		};
		28F5493D1D8C9D990016151B /* Release */ = {
			isa = XCBuildConfiguration;
			buildSettings = {
				ALWAYS_SEARCH_USER_PATHS = NO;
				CLANG_ANALYZER_NONNULL = YES;
				CLANG_CXX_LANGUAGE_STANDARD = "gnu++0x";
				CLANG_CXX_LIBRARY = "libc++";
				CLANG_ENABLE_MODULES = YES;
				CLANG_ENABLE_OBJC_ARC = YES;
				CLANG_WARN_BOOL_CONVERSION = YES;
				CLANG_WARN_CONSTANT_CONVERSION = YES;
				CLANG_WARN_DIRECT_OBJC_ISA_USAGE = YES_ERROR;
				CLANG_WARN_DOCUMENTATION_COMMENTS = YES;
				CLANG_WARN_EMPTY_BODY = YES;
				CLANG_WARN_ENUM_CONVERSION = YES;
				CLANG_WARN_INFINITE_RECURSION = YES;
				CLANG_WARN_INT_CONVERSION = YES;
				CLANG_WARN_OBJC_ROOT_CLASS = YES_ERROR;
				CLANG_WARN_SUSPICIOUS_MOVES = YES;
				CLANG_WARN_UNREACHABLE_CODE = YES;
				CLANG_WARN__DUPLICATE_METHOD_MATCH = YES;
				"CODE_SIGN_IDENTITY[sdk=iphoneos*]" = "iPhone Developer";
				COPY_PHASE_STRIP = NO;
				DEBUG_INFORMATION_FORMAT = "dwarf-with-dsym";
				ENABLE_NS_ASSERTIONS = NO;
				ENABLE_STRICT_OBJC_MSGSEND = YES;
				GCC_C_LANGUAGE_STANDARD = gnu99;
				GCC_NO_COMMON_BLOCKS = YES;
				GCC_WARN_64_TO_32_BIT_CONVERSION = YES;
				GCC_WARN_ABOUT_RETURN_TYPE = YES_ERROR;
				GCC_WARN_UNDECLARED_SELECTOR = YES;
				GCC_WARN_UNINITIALIZED_AUTOS = YES_AGGRESSIVE;
				GCC_WARN_UNUSED_FUNCTION = YES;
				GCC_WARN_UNUSED_VARIABLE = YES;
				IPHONEOS_DEPLOYMENT_TARGET = 10.0;
				MTL_ENABLE_DEBUG_INFO = NO;
				SDKROOT = iphoneos;
				SWIFT_OPTIMIZATION_LEVEL = "-Owholemodule";
				TARGETED_DEVICE_FAMILY = "1,2";
				VALIDATE_PRODUCT = YES;
			};
			name = Release;
		};
		28F5493F1D8C9D990016151B /* Debug */ = {
			isa = XCBuildConfiguration;
			buildSettings = {
				ASSETCATALOG_COMPILER_APPICON_NAME = AppIcon;
				INFOPLIST_FILE = CalendarTrial/Info.plist;
				LD_RUNPATH_SEARCH_PATHS = "$(inherited) @executable_path/Frameworks";
				PRODUCT_BUNDLE_IDENTIFIER = com.SHurtado91112.CalendarTrial;
				PRODUCT_NAME = "$(TARGET_NAME)";
				SWIFT_VERSION = 3.0;
			};
			name = Debug;
		};
		28F549401D8C9D990016151B /* Release */ = {
			isa = XCBuildConfiguration;
			buildSettings = {
				ASSETCATALOG_COMPILER_APPICON_NAME = AppIcon;
				INFOPLIST_FILE = CalendarTrial/Info.plist;
				LD_RUNPATH_SEARCH_PATHS = "$(inherited) @executable_path/Frameworks";
				PRODUCT_BUNDLE_IDENTIFIER = com.SHurtado91112.CalendarTrial;
				PRODUCT_NAME = "$(TARGET_NAME)";
				SWIFT_VERSION = 3.0;
			};
			name = Release;
		};
/* End XCBuildConfiguration section */

/* Begin XCConfigurationList section */
		28F549271D8C9D990016151B /* Build configuration list for PBXProject "CalendarTrial" */ = {
			isa = XCConfigurationList;
			buildConfigurations = (
				28F5493C1D8C9D990016151B /* Debug */,
				28F5493D1D8C9D990016151B /* Release */,
			);
			defaultConfigurationIsVisible = 0;
			defaultConfigurationName = Release;
		};
		28F5493E1D8C9D990016151B /* Build configuration list for PBXNativeTarget "CalendarTrial" */ = {
			isa = XCConfigurationList;
			buildConfigurations = (
				28F5493F1D8C9D990016151B /* Debug */,
				28F549401D8C9D990016151B /* Release */,
			);
			defaultConfigurationIsVisible = 0;
			defaultConfigurationName = Release;
		};
/* End XCConfigurationList section */
	};
	rootObject = 28F549241D8C9D990016151B /* Project object */;
}
